
Microsoft Visual Studio Solution File, Format Version 12.00
# Visual Studio 15
VisualStudioVersion = 15.0.28307.1267
MinimumVisualStudioVersion = 10.0.40219.1
Project("{FAE04EC0-301F-11D3-BF4B-00C04F79EFBC}") = "Suelos", "Suelos\Suelos.csproj", "{DD35A6AF-2937-4B61-AFF5-9D4F2CDEEDAE}"
EndProject
Global
	GlobalSection(SolutionConfigurationPlatforms) = preSolution
		Debug|Any CPU = Debug|Any CPU
		Release|Any CPU = Release|Any CPU
	EndGlobalSection
	GlobalSection(ProjectConfigurationPlatforms) = postSolution
		{DD35A6AF-2937-4B61-AFF5-9D4F2CDEEDAE}.Debug|Any CPU.ActiveCfg = Debug|Any CPU
		{DD35A6AF-2937-4B61-AFF5-9D4F2CDEEDAE}.Debug|Any CPU.Build.0 = Debug|Any CPU
		{DD35A6AF-2937-4B61-AFF5-9D4F2CDEEDAE}.Release|Any CPU.ActiveCfg = Release|Any CPU
		{DD35A6AF-2937-4B61-AFF5-9D4F2CDEEDAE}.Release|Any CPU.Build.0 = Release|Any CPU
	EndGlobalSection
	GlobalSection(SolutionProperties) = preSolution
		HideSolutionNode = FALSE
	EndGlobalSection
	GlobalSection(ExtensibilityGlobals) = postSolution
		SolutionGuid = {E4F06AF6-DAA0-407D-8E50-0EEC12F70337}
	EndGlobalSection
EndGlobal
